
Microsoft Visual Studio Solution File, Format Version 12.00
# Visual Studio Version 17
VisualStudioVersion = 17.6.33723.286
MinimumVisualStudioVersion = 10.0.40219.1
Project("{54A90642-561A-4BB1-A94E-469ADEE60C69}") = "PokemonTypeScript", "PokemonTypeScript\PokemonTypeScript.esproj", "{AB380DF1-5309-4DC4-908A-A36A2987801A}"
EndProject
Global
	GlobalSection(SolutionConfigurationPlatforms) = preSolution
		Debug|Any CPU = Debug|Any CPU
		Release|Any CPU = Release|Any CPU
	EndGlobalSection
	GlobalSection(ProjectConfigurationPlatforms) = postSolution
		{AB380DF1-5309-4DC4-908A-A36A2987801A}.Debug|Any CPU.ActiveCfg = Debug|Any CPU
		{AB380DF1-5309-4DC4-908A-A36A2987801A}.Debug|Any CPU.Build.0 = Debug|Any CPU
		{AB380DF1-5309-4DC4-908A-A36A2987801A}.Debug|Any CPU.Deploy.0 = Debug|Any CPU
		{AB380DF1-5309-4DC4-908A-A36A2987801A}.Release|Any CPU.ActiveCfg = Release|Any CPU
		{AB380DF1-5309-4DC4-908A-A36A2987801A}.Release|Any CPU.Build.0 = Release|Any CPU
		{AB380DF1-5309-4DC4-908A-A36A2987801A}.Release|Any CPU.Deploy.0 = Release|Any CPU
	EndGlobalSection
	GlobalSection(SolutionProperties) = preSolution
		HideSolutionNode = FALSE
	EndGlobalSection
	GlobalSection(ExtensibilityGlobals) = postSolution
		SolutionGuid = {37168962-933C-4F8E-A713-73DF7E33DDCB}
	EndGlobalSection
EndGlobal
